// !$*UTF8*$!
{
	archiveVersion = 1;
	classes = {
	};
	objectVersion = 46;
	objects = {

/* Begin PBXBuildFile section */
		87C688EDC2ABD32509342B46 /* libPods-map001.a in Frameworks */ = {isa = PBXBuildFile; fileRef = B0A6D8ED0AD1DA1653213505 /* libPods-map001.a */; };
		D87363861ED794AB00AAE527 /* XRSportSporting.storyboard in Resources */ = {isa = PBXBuildFile; fileRef = D87363851ED794AB00AAE527 /* XRSportSporting.storyboard */; };
		D87555A21EEF326C007D31B7 /* XRSportMapModelViewController.m in Sources */ = {isa = PBXBuildFile; fileRef = D87555A11EEF326C007D31B7 /* XRSportMapModelViewController.m */; };
		D87555A61EEF3641007D31B7 /* XRCircleAnimator.m in Sources */ = {isa = PBXBuildFile; fileRef = D87555A51EEF3641007D31B7 /* XRCircleAnimator.m */; };
		D8758E181EF097500089669C /* DINCond-Bold.otf in Resources */ = {isa = PBXBuildFile; fileRef = D8758E171EF097500089669C /* DINCond-Bold.otf */; };
		D8758E1B1EF0A14E0089669C /* XRSportGPSSingalBtn.m in Sources */ = {isa = PBXBuildFile; fileRef = D8758E1A1EF0A14E0089669C /* XRSportGPSSingalBtn.m */; };
		D898D8A41ED4F61700222AFF /* XRSportPolyline.m in Sources */ = {isa = PBXBuildFile; fileRef = D898D8A31ED4F61700222AFF /* XRSportPolyline.m */; };
		D898D8A71ED5010F00222AFF /* XRSportTrackingLine.m in Sources */ = {isa = PBXBuildFile; fileRef = D898D8A61ED5010F00222AFF /* XRSportTrackingLine.m */; };
		D8DFF4ED1ECE501E000921CD /* main.m in Sources */ = {isa = PBXBuildFile; fileRef = D8DFF4EC1ECE501E000921CD /* main.m */; };
		D8DFF4F01ECE501E000921CD /* AppDelegate.m in Sources */ = {isa = PBXBuildFile; fileRef = D8DFF4EF1ECE501E000921CD /* AppDelegate.m */; };
		D8DFF4F31ECE501E000921CD /* ViewController.m in Sources */ = {isa = PBXBuildFile; fileRef = D8DFF4F21ECE501E000921CD /* ViewController.m */; };
		D8DFF4F61ECE501E000921CD /* Main.storyboard in Resources */ = {isa = PBXBuildFile; fileRef = D8DFF4F41ECE501E000921CD /* Main.storyboard */; };
		D8DFF4F91ECE501E000921CD /* map001.xcdatamodeld in Sources */ = {isa = PBXBuildFile; fileRef = D8DFF4F71ECE501E000921CD /* map001.xcdatamodeld */; };
		D8DFF4FB1ECE501E000921CD /* Assets.xcassets in Resources */ = {isa = PBXBuildFile; fileRef = D8DFF4FA1ECE501E000921CD /* Assets.xcassets */; };
		D8DFF4FE1ECE501E000921CD /* LaunchScreen.storyboard in Resources */ = {isa = PBXBuildFile; fileRef = D8DFF4FC1ECE501E000921CD /* LaunchScreen.storyboard */; };
		D8E42F341ED24D21009D61F3 /* XRSportMainViewController.m in Sources */ = {isa = PBXBuildFile; fileRef = D8E42F331ED24D21009D61F3 /* XRSportMainViewController.m */; };
		D8E42F381ED24D68009D61F3 /* XRSportSportingViewController.m in Sources */ = {isa = PBXBuildFile; fileRef = D8E42F371ED24D68009D61F3 /* XRSportSportingViewController.m */; };
		D8E42F3B1ED24D74009D61F3 /* XRSportMapViewController.m in Sources */ = {isa = PBXBuildFile; fileRef = D8E42F3A1ED24D74009D61F3 /* XRSportMapViewController.m */; };
		D8E42F3E1ED24DAD009D61F3 /* XRSportTracking.m in Sources */ = {isa = PBXBuildFile; fileRef = D8E42F3D1ED24DAD009D61F3 /* XRSportTracking.m */; };
/* End PBXBuildFile section */

/* Begin PBXFileReference section */
		46F1813D7133A241AA7701E1 /* Pods-map001.debug.xcconfig */ = {isa = PBXFileReference; includeInIndex = 1; lastKnownFileType = text.xcconfig; name = "Pods-map001.debug.xcconfig"; path = "Pods/Target Support Files/Pods-map001/Pods-map001.debug.xcconfig"; sourceTree = "<group>"; };
		B0A6D8ED0AD1DA1653213505 /* libPods-map001.a */ = {isa = PBXFileReference; explicitFileType = archive.ar; includeInIndex = 0; path = "libPods-map001.a"; sourceTree = BUILT_PRODUCTS_DIR; };
		D87363851ED794AB00AAE527 /* XRSportSporting.storyboard */ = {isa = PBXFileReference; fileEncoding = 4; lastKnownFileType = file.storyboard; path = XRSportSporting.storyboard; sourceTree = "<group>"; };
		D87555A01EEF326C007D31B7 /* XRSportMapModelViewController.h */ = {isa = PBXFileReference; fileEncoding = 4; lastKnownFileType = sourcecode.c.h; path = XRSportMapModelViewController.h; sourceTree = "<group>"; };
		D87555A11EEF326C007D31B7 /* XRSportMapModelViewController.m */ = {isa = PBXFileReference; fileEncoding = 4; lastKnownFileType = sourcecode.c.objc; path = XRSportMapModelViewController.m; sourceTree = "<group>"; };
		D87555A41EEF3641007D31B7 /* XRCircleAnimator.h */ = {isa = PBXFileReference; fileEncoding = 4; lastKnownFileType = sourcecode.c.h; path = XRCircleAnimator.h; sourceTree = "<group>"; };
		D87555A51EEF3641007D31B7 /* XRCircleAnimator.m */ = {isa = PBXFileReference; fileEncoding = 4; lastKnownFileType = sourcecode.c.objc; path = XRCircleAnimator.m; sourceTree = "<group>"; };
		D8758E171EF097500089669C /* DINCond-Bold.otf */ = {isa = PBXFileReference; lastKnownFileType = file; path = "DINCond-Bold.otf"; sourceTree = "<group>"; };
		D8758E191EF0A14E0089669C /* XRSportGPSSingalBtn.h */ = {isa = PBXFileReference; fileEncoding = 4; lastKnownFileType = sourcecode.c.h; path = XRSportGPSSingalBtn.h; sourceTree = "<group>"; };
		D8758E1A1EF0A14E0089669C /* XRSportGPSSingalBtn.m */ = {isa = PBXFileReference; fileEncoding = 4; lastKnownFileType = sourcecode.c.objc; path = XRSportGPSSingalBtn.m; sourceTree = "<group>"; };
		D898D8A21ED4F61700222AFF /* XRSportPolyline.h */ = {isa = PBXFileReference; fileEncoding = 4; lastKnownFileType = sourcecode.c.h; path = XRSportPolyline.h; sourceTree = "<group>"; };
		D898D8A31ED4F61700222AFF /* XRSportPolyline.m */ = {isa = PBXFileReference; fileEncoding = 4; lastKnownFileType = sourcecode.c.objc; path = XRSportPolyline.m; sourceTree = "<group>"; };
		D898D8A51ED5010F00222AFF /* XRSportTrackingLine.h */ = {isa = PBXFileReference; fileEncoding = 4; lastKnownFileType = sourcecode.c.h; path = XRSportTrackingLine.h; sourceTree = "<group>"; };
		D898D8A61ED5010F00222AFF /* XRSportTrackingLine.m */ = {isa = PBXFileReference; fileEncoding = 4; lastKnownFileType = sourcecode.c.objc; path = XRSportTrackingLine.m; sourceTree = "<group>"; };
		D8DFF4E81ECE501E000921CD /* map001.app */ = {isa = PBXFileReference; explicitFileType = wrapper.application; includeInIndex = 0; path = map001.app; sourceTree = BUILT_PRODUCTS_DIR; };
		D8DFF4EC1ECE501E000921CD /* main.m */ = {isa = PBXFileReference; lastKnownFileType = sourcecode.c.objc; path = main.m; sourceTree = "<group>"; };
		D8DFF4EE1ECE501E000921CD /* AppDelegate.h */ = {isa = PBXFileReference; lastKnownFileType = sourcecode.c.h; path = AppDelegate.h; sourceTree = "<group>"; };
		D8DFF4EF1ECE501E000921CD /* AppDelegate.m */ = {isa = PBXFileReference; lastKnownFileType = sourcecode.c.objc; path = AppDelegate.m; sourceTree = "<group>"; };
		D8DFF4F11ECE501E000921CD /* ViewController.h */ = {isa = PBXFileReference; lastKnownFileType = sourcecode.c.h; path = ViewController.h; sourceTree = "<group>"; };
		D8DFF4F21ECE501E000921CD /* ViewController.m */ = {isa = PBXFileReference; lastKnownFileType = sourcecode.c.objc; path = ViewController.m; sourceTree = "<group>"; };
		D8DFF4F51ECE501E000921CD /* Base */ = {isa = PBXFileReference; lastKnownFileType = file.storyboard; name = Base; path = Base.lproj/Main.storyboard; sourceTree = "<group>"; };
		D8DFF4F81ECE501E000921CD /* map001.xcdatamodel */ = {isa = PBXFileReference; lastKnownFileType = wrapper.xcdatamodel; path = map001.xcdatamodel; sourceTree = "<group>"; };
		D8DFF4FA1ECE501E000921CD /* Assets.xcassets */ = {isa = PBXFileReference; lastKnownFileType = folder.assetcatalog; path = Assets.xcassets; sourceTree = "<group>"; };
		D8DFF4FD1ECE501E000921CD /* Base */ = {isa = PBXFileReference; lastKnownFileType = file.storyboard; name = Base; path = Base.lproj/LaunchScreen.storyboard; sourceTree = "<group>"; };
		D8DFF4FF1ECE501E000921CD /* Info.plist */ = {isa = PBXFileReference; lastKnownFileType = text.plist.xml; path = Info.plist; sourceTree = "<group>"; };
		D8E42F321ED24D21009D61F3 /* XRSportMainViewController.h */ = {isa = PBXFileReference; fileEncoding = 4; lastKnownFileType = sourcecode.c.h; path = XRSportMainViewController.h; sourceTree = "<group>"; };
		D8E42F331ED24D21009D61F3 /* XRSportMainViewController.m */ = {isa = PBXFileReference; fileEncoding = 4; lastKnownFileType = sourcecode.c.objc; path = XRSportMainViewController.m; sourceTree = "<group>"; };
		D8E42F361ED24D68009D61F3 /* XRSportSportingViewController.h */ = {isa = PBXFileReference; fileEncoding = 4; lastKnownFileType = sourcecode.c.h; path = XRSportSportingViewController.h; sourceTree = "<group>"; };
		D8E42F371ED24D68009D61F3 /* XRSportSportingViewController.m */ = {isa = PBXFileReference; fileEncoding = 4; lastKnownFileType = sourcecode.c.objc; path = XRSportSportingViewController.m; sourceTree = "<group>"; };
		D8E42F391ED24D74009D61F3 /* XRSportMapViewController.h */ = {isa = PBXFileReference; fileEncoding = 4; lastKnownFileType = sourcecode.c.h; path = XRSportMapViewController.h; sourceTree = "<group>"; };
		D8E42F3A1ED24D74009D61F3 /* XRSportMapViewController.m */ = {isa = PBXFileReference; fileEncoding = 4; lastKnownFileType = sourcecode.c.objc; path = XRSportMapViewController.m; sourceTree = "<group>"; };
		D8E42F3C1ED24DAD009D61F3 /* XRSportTracking.h */ = {isa = PBXFileReference; fileEncoding = 4; lastKnownFileType = sourcecode.c.h; path = XRSportTracking.h; sourceTree = "<group>"; };
		D8E42F3D1ED24DAD009D61F3 /* XRSportTracking.m */ = {isa = PBXFileReference; fileEncoding = 4; lastKnownFileType = sourcecode.c.objc; path = XRSportTracking.m; sourceTree = "<group>"; };
		E3186C49D4CD55C33C2E4ED3 /* Pods-map001.release.xcconfig */ = {isa = PBXFileReference; includeInIndex = 1; lastKnownFileType = text.xcconfig; name = "Pods-map001.release.xcconfig"; path = "Pods/Target Support Files/Pods-map001/Pods-map001.release.xcconfig"; sourceTree = "<group>"; };
/* End PBXFileReference section */

/* Begin PBXFrameworksBuildPhase section */
		D8DFF4E51ECE501E000921CD /* Frameworks */ = {
			isa = PBXFrameworksBuildPhase;
			buildActionMask = 2147483647;
			files = (
				87C688EDC2ABD32509342B46 /* libPods-map001.a in Frameworks */,
			);
			runOnlyForDeploymentPostprocessing = 0;
		};
/* End PBXFrameworksBuildPhase section */

/* Begin PBXGroup section */
		082863A25CB1EFE731D5BC06 /* Pods */ = {
			isa = PBXGroup;
			children = (
				46F1813D7133A241AA7701E1 /* Pods-map001.debug.xcconfig */,
				E3186C49D4CD55C33C2E4ED3 /* Pods-map001.release.xcconfig */,
			);
			name = Pods;
			sourceTree = "<group>";
		};
		5E5DED4B9EACF84FF6541F2E /* Frameworks */ = {
			isa = PBXGroup;
			children = (
				B0A6D8ED0AD1DA1653213505 /* libPods-map001.a */,
			);
			name = Frameworks;
			sourceTree = "<group>";
		};
		D87363841ED7946D00AAE527 /* Views */ = {
			isa = PBXGroup;
			children = (
				D87363851ED794AB00AAE527 /* XRSportSporting.storyboard */,
				D8758E191EF0A14E0089669C /* XRSportGPSSingalBtn.h */,
				D8758E1A1EF0A14E0089669C /* XRSportGPSSingalBtn.m */,
			);
			name = Views;
			sourceTree = "<group>";
		};
		D87555A31EEF3612007D31B7 /* Tools */ = {
			isa = PBXGroup;
			children = (
				D87555A41EEF3641007D31B7 /* XRCircleAnimator.h */,
				D87555A51EEF3641007D31B7 /* XRCircleAnimator.m */,
			);
			path = Tools;
			sourceTree = "<group>";
		};
		D8758E161EF097500089669C /* Fonts */ = {
			isa = PBXGroup;
			children = (
				D8758E171EF097500089669C /* DINCond-Bold.otf */,
			);
			path = Fonts;
			sourceTree = "<group>";
		};
		D8DFF4DF1ECE501E000921CD = {
			isa = PBXGroup;
			children = (
				D8DFF4EA1ECE501E000921CD /* map001 */,
				D8DFF4E91ECE501E000921CD /* Products */,
				082863A25CB1EFE731D5BC06 /* Pods */,
				5E5DED4B9EACF84FF6541F2E /* Frameworks */,
			);
			sourceTree = "<group>";
		};
		D8DFF4E91ECE501E000921CD /* Products */ = {
			isa = PBXGroup;
			children = (
				D8DFF4E81ECE501E000921CD /* map001.app */,
			);
			name = Products;
			sourceTree = "<group>";
		};
		D8DFF4EA1ECE501E000921CD /* map001 */ = {
			isa = PBXGroup;
			children = (
				D8E42F311ED24CAF009D61F3 /* Sport */,
				D8DFF4EE1ECE501E000921CD /* AppDelegate.h */,
				D8DFF4EF1ECE501E000921CD /* AppDelegate.m */,
				D8DFF4F11ECE501E000921CD /* ViewController.h */,
				D8DFF4F21ECE501E000921CD /* ViewController.m */,
				D8DFF4F41ECE501E000921CD /* Main.storyboard */,
				D8DFF4FA1ECE501E000921CD /* Assets.xcassets */,
				D8DFF4FC1ECE501E000921CD /* LaunchScreen.storyboard */,
				D8DFF4FF1ECE501E000921CD /* Info.plist */,
				D8DFF4F71ECE501E000921CD /* map001.xcdatamodeld */,
				D8DFF4EB1ECE501E000921CD /* Supporting Files */,
			);
			path = map001;
			sourceTree = "<group>";
		};
		D8DFF4EB1ECE501E000921CD /* Supporting Files */ = {
			isa = PBXGroup;
			children = (
				D8758E161EF097500089669C /* Fonts */,
				D8DFF4EC1ECE501E000921CD /* main.m */,
			);
			name = "Supporting Files";
			sourceTree = "<group>";
		};
		D8E42F311ED24CAF009D61F3 /* Sport */ = {
			isa = PBXGroup;
			children = (
				D87555A31EEF3612007D31B7 /* Tools */,
				D87363841ED7946D00AAE527 /* Views */,
				D8E42F351ED24D2A009D61F3 /* Controller */,
				D8E42F3F1ED24DB4009D61F3 /* Model */,
			);
			path = Sport;
			sourceTree = "<group>";
		};
		D8E42F351ED24D2A009D61F3 /* Controller */ = {
			isa = PBXGroup;
			children = (
				D8E42F321ED24D21009D61F3 /* XRSportMainViewController.h */,
				D8E42F331ED24D21009D61F3 /* XRSportMainViewController.m */,
				D8E42F361ED24D68009D61F3 /* XRSportSportingViewController.h */,
				D8E42F371ED24D68009D61F3 /* XRSportSportingViewController.m */,
				D8E42F391ED24D74009D61F3 /* XRSportMapViewController.h */,
				D8E42F3A1ED24D74009D61F3 /* XRSportMapViewController.m */,
				D87555A01EEF326C007D31B7 /* XRSportMapModelViewController.h */,
				D87555A11EEF326C007D31B7 /* XRSportMapModelViewController.m */,
			);
			name = Controller;
			sourceTree = "<group>";
		};
		D8E42F3F1ED24DB4009D61F3 /* Model */ = {
			isa = PBXGroup;
			children = (
				D8E42F3C1ED24DAD009D61F3 /* XRSportTracking.h */,
				D8E42F3D1ED24DAD009D61F3 /* XRSportTracking.m */,
				D898D8A21ED4F61700222AFF /* XRSportPolyline.h */,
				D898D8A31ED4F61700222AFF /* XRSportPolyline.m */,
				D898D8A51ED5010F00222AFF /* XRSportTrackingLine.h */,
				D898D8A61ED5010F00222AFF /* XRSportTrackingLine.m */,
			);
			name = Model;
			sourceTree = "<group>";
		};
/* End PBXGroup section */

/* Begin PBXNativeTarget section */
		D8DFF4E71ECE501E000921CD /* map001 */ = {
			isa = PBXNativeTarget;
			buildConfigurationList = D8DFF5021ECE501E000921CD /* Build configuration list for PBXNativeTarget "map001" */;
			buildPhases = (
				641DEF9BB03D68C1F896039B /* [CP] Check Pods Manifest.lock */,
				D8DFF4E41ECE501E000921CD /* Sources */,
				D8DFF4E51ECE501E000921CD /* Frameworks */,
				D8DFF4E61ECE501E000921CD /* Resources */,
				827DEC6E1B257A2660A62695 /* [CP] Embed Pods Frameworks */,
				F64D490D7B5669E2B7CA0FC5 /* [CP] Copy Pods Resources */,
			);
			buildRules = (
			);
			dependencies = (
			);
			name = map001;
			productName = map001;
			productReference = D8DFF4E81ECE501E000921CD /* map001.app */;
			productType = "com.apple.product-type.application";
		};
/* End PBXNativeTarget section */

/* Begin PBXProject section */
		D8DFF4E01ECE501E000921CD /* Project object */ = {
			isa = PBXProject;
			attributes = {
				CLASSPREFIX = XRSport;
				LastUpgradeCheck = 0800;
				ORGANIZATIONNAME = apple;
				TargetAttributes = {
					D8DFF4E71ECE501E000921CD = {
						CreatedOnToolsVersion = 8.0;
						ProvisioningStyle = Automatic;
						SystemCapabilities = {
							com.apple.BackgroundModes = {
								enabled = 1;
							};
						};
					};
				};
			};
			buildConfigurationList = D8DFF4E31ECE501E000921CD /* Build configuration list for PBXProject "map001" */;
			compatibilityVersion = "Xcode 3.2";
			developmentRegion = English;
			hasScannedForEncodings = 0;
			knownRegions = (
				en,
				Base,
			);
			mainGroup = D8DFF4DF1ECE501E000921CD;
			productRefGroup = D8DFF4E91ECE501E000921CD /* Products */;
			projectDirPath = "";
			projectRoot = "";
			targets = (
				D8DFF4E71ECE501E000921CD /* map001 */,
			);
		};
/* End PBXProject section */

/* Begin PBXResourcesBuildPhase section */
		D8DFF4E61ECE501E000921CD /* Resources */ = {
			isa = PBXResourcesBuildPhase;
			buildActionMask = 2147483647;
			files = (
				D87363861ED794AB00AAE527 /* XRSportSporting.storyboard in Resources */,
				D8DFF4FE1ECE501E000921CD /* LaunchScreen.storyboard in Resources */,
				D8DFF4FB1ECE501E000921CD /* Assets.xcassets in Resources */,
				D8758E181EF097500089669C /* DINCond-Bold.otf in Resources */,
				D8DFF4F61ECE501E000921CD /* Main.storyboard in Resources */,
			);
			runOnlyForDeploymentPostprocessing = 0;
		};
/* End PBXResourcesBuildPhase section */

/* Begin PBXShellScriptBuildPhase section */
		641DEF9BB03D68C1F896039B /* [CP] Check Pods Manifest.lock */ = {
			isa = PBXShellScriptBuildPhase;
			buildActionMask = 2147483647;
			files = (
			);
			inputPaths = (
			);
			name = "[CP] Check Pods Manifest.lock";
			outputPaths = (
			);
			runOnlyForDeploymentPostprocessing = 0;
			shellPath = /bin/sh;
			shellScript = "diff \"${PODS_ROOT}/../Podfile.lock\" \"${PODS_ROOT}/Manifest.lock\" > /dev/null\nif [[ $? != 0 ]] ; then\n    cat << EOM\nerror: The sandbox is not in sync with the Podfile.lock. Run 'pod install' or update your CocoaPods installation.\nEOM\n    exit 1\nfi\n";
			showEnvVarsInLog = 0;
		};
		827DEC6E1B257A2660A62695 /* [CP] Embed Pods Frameworks */ = {
			isa = PBXShellScriptBuildPhase;
			buildActionMask = 2147483647;
			files = (
			);
			inputPaths = (
			);
			name = "[CP] Embed Pods Frameworks";
			outputPaths = (
			);
			runOnlyForDeploymentPostprocessing = 0;
			shellPath = /bin/sh;
			shellScript = "\"${SRCROOT}/Pods/Target Support Files/Pods-map001/Pods-map001-frameworks.sh\"\n";
			showEnvVarsInLog = 0;
		};
		F64D490D7B5669E2B7CA0FC5 /* [CP] Copy Pods Resources */ = {
			isa = PBXShellScriptBuildPhase;
			buildActionMask = 2147483647;
			files = (
			);
			inputPaths = (
			);
			name = "[CP] Copy Pods Resources";
			outputPaths = (
			);
			runOnlyForDeploymentPostprocessing = 0;
			shellPath = /bin/sh;
			shellScript = "\"${SRCROOT}/Pods/Target Support Files/Pods-map001/Pods-map001-resources.sh\"\n";
			showEnvVarsInLog = 0;
		};
/* End PBXShellScriptBuildPhase section */

/* Begin PBXSourcesBuildPhase section */
		D8DFF4E41ECE501E000921CD /* Sources */ = {
			isa = PBXSourcesBuildPhase;
			buildActionMask = 2147483647;
			files = (
				D87555A61EEF3641007D31B7 /* XRCircleAnimator.m in Sources */,
				D8DFF4F31ECE501E000921CD /* ViewController.m in Sources */,
				D898D8A41ED4F61700222AFF /* XRSportPolyline.m in Sources */,
				D87555A21EEF326C007D31B7 /* XRSportMapModelViewController.m in Sources */,
				D8E42F3E1ED24DAD009D61F3 /* XRSportTracking.m in Sources */,
				D8DFF4F01ECE501E000921CD /* AppDelegate.m in Sources */,
				D8DFF4F91ECE501E000921CD /* map001.xcdatamodeld in Sources */,
				D8E42F381ED24D68009D61F3 /* XRSportSportingViewController.m in Sources */,
				D8E42F341ED24D21009D61F3 /* XRSportMainViewController.m in Sources */,
				D898D8A71ED5010F00222AFF /* XRSportTrackingLine.m in Sources */,
				D8758E1B1EF0A14E0089669C /* XRSportGPSSingalBtn.m in Sources */,
				D8E42F3B1ED24D74009D61F3 /* XRSportMapViewController.m in Sources */,
				D8DFF4ED1ECE501E000921CD /* main.m in Sources */,
			);
			runOnlyForDeploymentPostprocessing = 0;
		};
/* End PBXSourcesBuildPhase section */

/* Begin PBXVariantGroup section */
		D8DFF4F41ECE501E000921CD /* Main.storyboard */ = {
			isa = PBXVariantGroup;
			children = (
				D8DFF4F51ECE501E000921CD /* Base */,
			);
			name = Main.storyboard;
			sourceTree = "<group>";
		};
		D8DFF4FC1ECE501E000921CD /* LaunchScreen.storyboard */ = {
			isa = PBXVariantGroup;
			children = (
				D8DFF4FD1ECE501E000921CD /* Base */,
			);
			name = LaunchScreen.storyboard;
			sourceTree = "<group>";
		};
/* End PBXVariantGroup section */

/* Begin XCBuildConfiguration section */
		D8DFF5001ECE501E000921CD /* Debug */ = {
			isa = XCBuildConfiguration;
			buildSettings = {
				ALWAYS_SEARCH_USER_PATHS = NO;
				CLANG_ANALYZER_NONNULL = YES;
				CLANG_CXX_LANGUAGE_STANDARD = "gnu++0x";
				CLANG_CXX_LIBRARY = "libc++";
				CLANG_ENABLE_MODULES = YES;
				CLANG_ENABLE_OBJC_ARC = YES;
				CLANG_WARN_BOOL_CONVERSION = YES;
				CLANG_WARN_CONSTANT_CONVERSION = YES;
				CLANG_WARN_DIRECT_OBJC_ISA_USAGE = YES_ERROR;
				CLANG_WARN_DOCUMENTATION_COMMENTS = YES;
				CLANG_WARN_EMPTY_BODY = YES;
				CLANG_WARN_ENUM_CONVERSION = YES;
				CLANG_WARN_INFINITE_RECURSION = YES;
				CLANG_WARN_INT_CONVERSION = YES;
				CLANG_WARN_OBJC_ROOT_CLASS = YES_ERROR;
				CLANG_WARN_SUSPICIOUS_MOVES = YES;
				CLANG_WARN_UNREACHABLE_CODE = YES;
				CLANG_WARN__DUPLICATE_METHOD_MATCH = YES;
				"CODE_SIGN_IDENTITY[sdk=iphoneos*]" = "iPhone Developer";
				COPY_PHASE_STRIP = NO;
				DEBUG_INFORMATION_FORMAT = dwarf;
				ENABLE_STRICT_OBJC_MSGSEND = YES;
				ENABLE_TESTABILITY = YES;
				GCC_C_LANGUAGE_STANDARD = gnu99;
				GCC_DYNAMIC_NO_PIC = NO;
				GCC_NO_COMMON_BLOCKS = YES;
				GCC_OPTIMIZATION_LEVEL = 0;
				GCC_PREPROCESSOR_DEFINITIONS = (
					"DEBUG=1",
					"$(inherited)",
				);
				GCC_WARN_64_TO_32_BIT_CONVERSION = YES;
				GCC_WARN_ABOUT_RETURN_TYPE = YES_ERROR;
				GCC_WARN_UNDECLARED_SELECTOR = YES;
				GCC_WARN_UNINITIALIZED_AUTOS = YES_AGGRESSIVE;
				GCC_WARN_UNUSED_FUNCTION = YES;
				GCC_WARN_UNUSED_VARIABLE = YES;
				IPHONEOS_DEPLOYMENT_TARGET = 10.0;
				MTL_ENABLE_DEBUG_INFO = YES;
				ONLY_ACTIVE_ARCH = YES;
				SDKROOT = iphoneos;
				TARGETED_DEVICE_FAMILY = "1,2";
			};
			name = Debug;
		};
		D8DFF5011ECE501E000921CD /* Release */ = {
			isa = XCBuildConfiguration;
			buildSettings = {
				ALWAYS_SEARCH_USER_PATHS = NO;
				CLANG_ANALYZER_NONNULL = YES;
				CLANG_CXX_LANGUAGE_STANDARD = "gnu++0x";
				CLANG_CXX_LIBRARY = "libc++";
				CLANG_ENABLE_MODULES = YES;
				CLANG_ENABLE_OBJC_ARC = YES;
				CLANG_WARN_BOOL_CONVERSION = YES;
				CLANG_WARN_CONSTANT_CONVERSION = YES;
				CLANG_WARN_DIRECT_OBJC_ISA_USAGE = YES_ERROR;
				CLANG_WARN_DOCUMENTATION_COMMENTS = YES;
				CLANG_WARN_EMPTY_BODY = YES;
				CLANG_WARN_ENUM_CONVERSION = YES;
				CLANG_WARN_INFINITE_RECURSION = YES;
				CLANG_WARN_INT_CONVERSION = YES;
				CLANG_WARN_OBJC_ROOT_CLASS = YES_ERROR;
				CLANG_WARN_SUSPICIOUS_MOVES = YES;
				CLANG_WARN_UNREACHABLE_CODE = YES;
				CLANG_WARN__DUPLICATE_METHOD_MATCH = YES;
				"CODE_SIGN_IDENTITY[sdk=iphoneos*]" = "iPhone Developer";
				COPY_PHASE_STRIP = NO;
				DEBUG_INFORMATION_FORMAT = "dwarf-with-dsym";
				ENABLE_NS_ASSERTIONS = NO;
				ENABLE_STRICT_OBJC_MSGSEND = YES;
				GCC_C_LANGUAGE_STANDARD = gnu99;
				GCC_NO_COMMON_BLOCKS = YES;
				GCC_WARN_64_TO_32_BIT_CONVERSION = YES;
				GCC_WARN_ABOUT_RETURN_TYPE = YES_ERROR;
				GCC_WARN_UNDECLARED_SELECTOR = YES;
				GCC_WARN_UNINITIALIZED_AUTOS = YES_AGGRESSIVE;
				GCC_WARN_UNUSED_FUNCTION = YES;
				GCC_WARN_UNUSED_VARIABLE = YES;
				IPHONEOS_DEPLOYMENT_TARGET = 10.0;
				MTL_ENABLE_DEBUG_INFO = NO;
				SDKROOT = iphoneos;
				TARGETED_DEVICE_FAMILY = "1,2";
				VALIDATE_PRODUCT = YES;
			};
			name = Release;
		};
		D8DFF5031ECE501E000921CD /* Debug */ = {
			isa = XCBuildConfiguration;
			baseConfigurationReference = 46F1813D7133A241AA7701E1 /* Pods-map001.debug.xcconfig */;
			buildSettings = {
				ASSETCATALOG_COMPILER_APPICON_NAME = AppIcon;
				INFOPLIST_FILE = map001/Info.plist;
				LD_RUNPATH_SEARCH_PATHS = "$(inherited) @executable_path/Frameworks";
				PRODUCT_BUNDLE_IDENTIFIER = xueren.map001;
				PRODUCT_NAME = "$(TARGET_NAME)";
			};
			name = Debug;
		};
		D8DFF5041ECE501E000921CD /* Release */ = {
			isa = XCBuildConfiguration;
			baseConfigurationReference = E3186C49D4CD55C33C2E4ED3 /* Pods-map001.release.xcconfig */;
			buildSettings = {
				ASSETCATALOG_COMPILER_APPICON_NAME = AppIcon;
				INFOPLIST_FILE = map001/Info.plist;
				LD_RUNPATH_SEARCH_PATHS = "$(inherited) @executable_path/Frameworks";
				PRODUCT_BUNDLE_IDENTIFIER = xueren.map001;
				PRODUCT_NAME = "$(TARGET_NAME)";
			};
			name = Release;
		};
/* End XCBuildConfiguration section */

/* Begin XCConfigurationList section */
		D8DFF4E31ECE501E000921CD /* Build configuration list for PBXProject "map001" */ = {
			isa = XCConfigurationList;
			buildConfigurations = (
				D8DFF5001ECE501E000921CD /* Debug */,
				D8DFF5011ECE501E000921CD /* Release */,
			);
			defaultConfigurationIsVisible = 0;
			defaultConfigurationName = Release;
		};
		D8DFF5021ECE501E000921CD /* Build configuration list for PBXNativeTarget "map001" */ = {
			isa = XCConfigurationList;
			buildConfigurations = (
				D8DFF5031ECE501E000921CD /* Debug */,
				D8DFF5041ECE501E000921CD /* Release */,
			);
			defaultConfigurationIsVisible = 0;
			defaultConfigurationName = Release;
		};
/* End XCConfigurationList section */

/* Begin XCVersionGroup section */
		D8DFF4F71ECE501E000921CD /* map001.xcdatamodeld */ = {
			isa = XCVersionGroup;
			children = (
				D8DFF4F81ECE501E000921CD /* map001.xcdatamodel */,
			);
			currentVersion = D8DFF4F81ECE501E000921CD /* map001.xcdatamodel */;
			path = map001.xcdatamodeld;
			sourceTree = "<group>";
			versionGroupType = wrapper.xcdatamodel;
		};
/* End XCVersionGroup section */
	};
	rootObject = D8DFF4E01ECE501E000921CD /* Project object */;
}
